// !$*UTF8*$!
{
	archiveVersion = 1;
	classes = {
	};
	objectVersion = 50;
	objects = {

/* Begin PBXBuildFile section */
		F6FD74B524948AF6007E8B4A /* AppDelegate.swift in Sources */ = {isa = PBXBuildFile; fileRef = F6FD74B424948AF6007E8B4A /* AppDelegate.swift */; };
		F6FD74B724948AF6007E8B4A /* SceneDelegate.swift in Sources */ = {isa = PBXBuildFile; fileRef = F6FD74B624948AF6007E8B4A /* SceneDelegate.swift */; };
		F6FD74B924948AF6007E8B4A /* ViewController.swift in Sources */ = {isa = PBXBuildFile; fileRef = F6FD74B824948AF6007E8B4A /* ViewController.swift */; };
		F6FD74BC24948AF6007E8B4A /* Main.storyboard in Resources */ = {isa = PBXBuildFile; fileRef = F6FD74BA24948AF6007E8B4A /* Main.storyboard */; };
		F6FD74BE24948AF8007E8B4A /* Assets.xcassets in Resources */ = {isa = PBXBuildFile; fileRef = F6FD74BD24948AF8007E8B4A /* Assets.xcassets */; };
		F6FD74C124948AF8007E8B4A /* LaunchScreen.storyboard in Resources */ = {isa = PBXBuildFile; fileRef = F6FD74BF24948AF8007E8B4A /* LaunchScreen.storyboard */; };
		F6FD74C924949432007E8B4A /* ButtonPanelView.swift in Sources */ = {isa = PBXBuildFile; fileRef = F6FD74C824949432007E8B4A /* ButtonPanelView.swift */; };
/* End PBXBuildFile section */

/* Begin PBXFileReference section */
		F6FD74B124948AF6007E8B4A /* Buttons Demo.app */ = {isa = PBXFileReference; explicitFileType = wrapper.application; includeInIndex = 0; path = "Buttons Demo.app"; sourceTree = BUILT_PRODUCTS_DIR; };
		F6FD74B424948AF6007E8B4A /* AppDelegate.swift */ = {isa = PBXFileReference; lastKnownFileType = sourcecode.swift; path = AppDelegate.swift; sourceTree = "<group>"; };
		F6FD74B624948AF6007E8B4A /* SceneDelegate.swift */ = {isa = PBXFileReference; lastKnownFileType = sourcecode.swift; path = SceneDelegate.swift; sourceTree = "<group>"; };
		F6FD74B824948AF6007E8B4A /* ViewController.swift */ = {isa = PBXFileReference; lastKnownFileType = sourcecode.swift; path = ViewController.swift; sourceTree = "<group>"; };
		F6FD74BB24948AF6007E8B4A /* Base */ = {isa = PBXFileReference; lastKnownFileType = file.storyboard; name = Base; path = Base.lproj/Main.storyboard; sourceTree = "<group>"; };
		F6FD74BD24948AF8007E8B4A /* Assets.xcassets */ = {isa = PBXFileReference; lastKnownFileType = folder.assetcatalog; path = Assets.xcassets; sourceTree = "<group>"; };
		F6FD74C024948AF8007E8B4A /* Base */ = {isa = PBXFileReference; lastKnownFileType = file.storyboard; name = Base; path = Base.lproj/LaunchScreen.storyboard; sourceTree = "<group>"; };
		F6FD74C224948AF8007E8B4A /* Info.plist */ = {isa = PBXFileReference; lastKnownFileType = text.plist.xml; path = Info.plist; sourceTree = "<group>"; };
		F6FD74C824949432007E8B4A /* ButtonPanelView.swift */ = {isa = PBXFileReference; lastKnownFileType = sourcecode.swift; path = ButtonPanelView.swift; sourceTree = "<group>"; };
/* End PBXFileReference section */

/* Begin PBXFrameworksBuildPhase section */
		F6FD74AE24948AF6007E8B4A /* Frameworks */ = {
			isa = PBXFrameworksBuildPhase;
			buildActionMask = 2147483647;
			files = (
			);
			runOnlyForDeploymentPostprocessing = 0;
		};
/* End PBXFrameworksBuildPhase section */

/* Begin PBXGroup section */
		F6FD74A824948AF6007E8B4A = {
			isa = PBXGroup;
			children = (
				F6FD74B324948AF6007E8B4A /* Buttons Demo */,
				F6FD74B224948AF6007E8B4A /* Products */,
			);
			sourceTree = "<group>";
		};
		F6FD74B224948AF6007E8B4A /* Products */ = {
			isa = PBXGroup;
			children = (
				F6FD74B124948AF6007E8B4A /* Buttons Demo.app */,
			);
			name = Products;
			sourceTree = "<group>";
		};
		F6FD74B324948AF6007E8B4A /* Buttons Demo */ = {
			isa = PBXGroup;
			children = (
				F6FD74B424948AF6007E8B4A /* AppDelegate.swift */,
				F6FD74C824949432007E8B4A /* ButtonPanelView.swift */,
				F6FD74B824948AF6007E8B4A /* ViewController.swift */,
				F6FD74BA24948AF6007E8B4A /* Main.storyboard */,
				F6FD74BD24948AF8007E8B4A /* Assets.xcassets */,
				F6FD74BF24948AF8007E8B4A /* LaunchScreen.storyboard */,
				F6FD74B624948AF6007E8B4A /* SceneDelegate.swift */,
				F6FD74C224948AF8007E8B4A /* Info.plist */,
			);
			path = "Buttons Demo";
			sourceTree = "<group>";
		};
/* End PBXGroup section */

/* Begin PBXNativeTarget section */
		F6FD74B024948AF6007E8B4A /* Buttons Demo */ = {
			isa = PBXNativeTarget;
			buildConfigurationList = F6FD74C524948AF8007E8B4A /* Build configuration list for PBXNativeTarget "Buttons Demo" */;
			buildPhases = (
				F6FD74AD24948AF6007E8B4A /* Sources */,
				F6FD74AE24948AF6007E8B4A /* Frameworks */,
				F6FD74AF24948AF6007E8B4A /* Resources */,
			);
			buildRules = (
			);
			dependencies = (
			);
			name = "Buttons Demo";
			productName = "Buttons Demo";
			productReference = F6FD74B124948AF6007E8B4A /* Buttons Demo.app */;
			productType = "com.apple.product-type.application";
		};
/* End PBXNativeTarget section */

/* Begin PBXProject section */
		F6FD74A924948AF6007E8B4A /* Project object */ = {
			isa = PBXProject;
			attributes = {
				LastSwiftUpdateCheck = 1140;
				LastUpgradeCheck = 1140;
				ORGANIZATIONNAME = "Alejandrina Patrón López";
				TargetAttributes = {
					F6FD74B024948AF6007E8B4A = {
						CreatedOnToolsVersion = 11.4;
					};
				};
			};
			buildConfigurationList = F6FD74AC24948AF6007E8B4A /* Build configuration list for PBXProject "Buttons Demo" */;
			compatibilityVersion = "Xcode 9.3";
			developmentRegion = en;
			hasScannedForEncodings = 0;
			knownRegions = (
				en,
				Base,
			);
			mainGroup = F6FD74A824948AF6007E8B4A;
			productRefGroup = F6FD74B224948AF6007E8B4A /* Products */;
			projectDirPath = "";
			projectRoot = "";
			targets = (
				F6FD74B024948AF6007E8B4A /* Buttons Demo */,
			);
		};
/* End PBXProject section */

/* Begin PBXResourcesBuildPhase section */
		F6FD74AF24948AF6007E8B4A /* Resources */ = {
			isa = PBXResourcesBuildPhase;
			buildActionMask = 2147483647;
			files = (
				F6FD74C124948AF8007E8B4A /* LaunchScreen.storyboard in Resources */,
				F6FD74BE24948AF8007E8B4A /* Assets.xcassets in Resources */,
				F6FD74BC24948AF6007E8B4A /* Main.storyboard in Resources */,
			);
			runOnlyForDeploymentPostprocessing = 0;
		};
/* End PBXResourcesBuildPhase section */

/* Begin PBXSourcesBuildPhase section */
		F6FD74AD24948AF6007E8B4A /* Sources */ = {
			isa = PBXSourcesBuildPhase;
			buildActionMask = 2147483647;
			files = (
				F6FD74B924948AF6007E8B4A /* ViewController.swift in Sources */,
				F6FD74B524948AF6007E8B4A /* AppDelegate.swift in Sources */,
				F6FD74B724948AF6007E8B4A /* SceneDelegate.swift in Sources */,
				F6FD74C924949432007E8B4A /* ButtonPanelView.swift in Sources */,
			);
			runOnlyForDeploymentPostprocessing = 0;
		};
/* End PBXSourcesBuildPhase section */

/* Begin PBXVariantGroup section */
		F6FD74BA24948AF6007E8B4A /* Main.storyboard */ = {
			isa = PBXVariantGroup;
			children = (
				F6FD74BB24948AF6007E8B4A /* Base */,
			);
			name = Main.storyboard;
			sourceTree = "<group>";
		};
		F6FD74BF24948AF8007E8B4A /* LaunchScreen.storyboard */ = {
			isa = PBXVariantGroup;
			children = (
				F6FD74C024948AF8007E8B4A /* Base */,
			);
			name = LaunchScreen.storyboard;
			sourceTree = "<group>";
		};
/* End PBXVariantGroup section */

/* Begin XCBuildConfiguration section */
		F6FD74C324948AF8007E8B4A /* Debug */ = {
			isa = XCBuildConfiguration;
			buildSettings = {
				ALWAYS_SEARCH_USER_PATHS = NO;
				CLANG_ANALYZER_NONNULL = YES;
				CLANG_ANALYZER_NUMBER_OBJECT_CONVERSION = YES_AGGRESSIVE;
				CLANG_CXX_LANGUAGE_STANDARD = "gnu++14";
				CLANG_CXX_LIBRARY = "libc++";
				CLANG_ENABLE_MODULES = YES;
				CLANG_ENABLE_OBJC_ARC = YES;
				CLANG_ENABLE_OBJC_WEAK = YES;
				CLANG_WARN_BLOCK_CAPTURE_AUTORELEASING = YES;
				CLANG_WARN_BOOL_CONVERSION = YES;
				CLANG_WARN_COMMA = YES;
				CLANG_WARN_CONSTANT_CONVERSION = YES;
				CLANG_WARN_DEPRECATED_OBJC_IMPLEMENTATIONS = YES;
				CLANG_WARN_DIRECT_OBJC_ISA_USAGE = YES_ERROR;
				CLANG_WARN_DOCUMENTATION_COMMENTS = YES;
				CLANG_WARN_EMPTY_BODY = YES;
				CLANG_WARN_ENUM_CONVERSION = YES;
				CLANG_WARN_INFINITE_RECURSION = YES;
				CLANG_WARN_INT_CONVERSION = YES;
				CLANG_WARN_NON_LITERAL_NULL_CONVERSION = YES;
				CLANG_WARN_OBJC_IMPLICIT_RETAIN_SELF = YES;
				CLANG_WARN_OBJC_LITERAL_CONVERSION = YES;
				CLANG_WARN_OBJC_ROOT_CLASS = YES_ERROR;
				CLANG_WARN_RANGE_LOOP_ANALYSIS = YES;
				CLANG_WARN_STRICT_PROTOTYPES = YES;
				CLANG_WARN_SUSPICIOUS_MOVE = YES;
				CLANG_WARN_UNGUARDED_AVAILABILITY = YES_AGGRESSIVE;
				CLANG_WARN_UNREACHABLE_CODE = YES;
				CLANG_WARN__DUPLICATE_METHOD_MATCH = YES;
				COPY_PHASE_STRIP = NO;
				DEBUG_INFORMATION_FORMAT = dwarf;
				ENABLE_STRICT_OBJC_MSGSEND = YES;
				ENABLE_TESTABILITY = YES;
				GCC_C_LANGUAGE_STANDARD = gnu11;
				GCC_DYNAMIC_NO_PIC = NO;
				GCC_NO_COMMON_BLOCKS = YES;
				GCC_OPTIMIZATION_LEVEL = 0;
				GCC_PREPROCESSOR_DEFINITIONS = (
					"DEBUG=1",
					"$(inherited)",
				);
				GCC_WARN_64_TO_32_BIT_CONVERSION = YES;
				GCC_WARN_ABOUT_RETURN_TYPE = YES_ERROR;
				GCC_WARN_UNDECLARED_SELECTOR = YES;
				GCC_WARN_UNINITIALIZED_AUTOS = YES_AGGRESSIVE;
				GCC_WARN_UNUSED_FUNCTION = YES;
				GCC_WARN_UNUSED_VARIABLE = YES;
				IPHONEOS_DEPLOYMENT_TARGET = 13.4;
				MTL_ENABLE_DEBUG_INFO = INCLUDE_SOURCE;
				MTL_FAST_MATH = YES;
				ONLY_ACTIVE_ARCH = YES;
				SDKROOT = iphoneos;
				SWIFT_ACTIVE_COMPILATION_CONDITIONS = DEBUG;
				SWIFT_OPTIMIZATION_LEVEL = "-Onone";
			};
			name = Debug;
		};
		F6FD74C424948AF8007E8B4A /* Release */ = {
			isa = XCBuildConfiguration;
			buildSettings = {
				ALWAYS_SEARCH_USER_PATHS = NO;
				CLANG_ANALYZER_NONNULL = YES;
				CLANG_ANALYZER_NUMBER_OBJECT_CONVERSION = YES_AGGRESSIVE;
				CLANG_CXX_LANGUAGE_STANDARD = "gnu++14";
				CLANG_CXX_LIBRARY = "libc++";
				CLANG_ENABLE_MODULES = YES;
				CLANG_ENABLE_OBJC_ARC = YES;
				CLANG_ENABLE_OBJC_WEAK = YES;
				CLANG_WARN_BLOCK_CAPTURE_AUTORELEASING = YES;
				CLANG_WARN_BOOL_CONVERSION = YES;
				CLANG_WARN_COMMA = YES;
				CLANG_WARN_CONSTANT_CONVERSION = YES;
				CLANG_WARN_DEPRECATED_OBJC_IMPLEMENTATIONS = YES;
				CLANG_WARN_DIRECT_OBJC_ISA_USAGE = YES_ERROR;
				CLANG_WARN_DOCUMENTATION_COMMENTS = YES;
				CLANG_WARN_EMPTY_BODY = YES;
				CLANG_WARN_ENUM_CONVERSION = YES;
				CLANG_WARN_INFINITE_RECURSION = YES;
				CLANG_WARN_INT_CONVERSION = YES;
				CLANG_WARN_NON_LITERAL_NULL_CONVERSION = YES;
				CLANG_WARN_OBJC_IMPLICIT_RETAIN_SELF = YES;
				CLANG_WARN_OBJC_LITERAL_CONVERSION = YES;
				CLANG_WARN_OBJC_ROOT_CLASS = YES_ERROR;
				CLANG_WARN_RANGE_LOOP_ANALYSIS = YES;
				CLANG_WARN_STRICT_PROTOTYPES = YES;
				CLANG_WARN_SUSPICIOUS_MOVE = YES;
				CLANG_WARN_UNGUARDED_AVAILABILITY = YES_AGGRESSIVE;
				CLANG_WARN_UNREACHABLE_CODE = YES;
				CLANG_WARN__DUPLICATE_METHOD_MATCH = YES;
				COPY_PHASE_STRIP = NO;
				DEBUG_INFORMATION_FORMAT = "dwarf-with-dsym";
				ENABLE_NS_ASSERTIONS = NO;
				ENABLE_STRICT_OBJC_MSGSEND = YES;
				GCC_C_LANGUAGE_STANDARD = gnu11;
				GCC_NO_COMMON_BLOCKS = YES;
				GCC_WARN_64_TO_32_BIT_CONVERSION = YES;
				GCC_WARN_ABOUT_RETURN_TYPE = YES_ERROR;
				GCC_WARN_UNDECLARED_SELECTOR = YES;
				GCC_WARN_UNINITIALIZED_AUTOS = YES_AGGRESSIVE;
				GCC_WARN_UNUSED_FUNCTION = YES;
				GCC_WARN_UNUSED_VARIABLE = YES;
				IPHONEOS_DEPLOYMENT_TARGET = 13.4;
				MTL_ENABLE_DEBUG_INFO = NO;
				MTL_FAST_MATH = YES;
				SDKROOT = iphoneos;
				SWIFT_COMPILATION_MODE = wholemodule;
				SWIFT_OPTIMIZATION_LEVEL = "-O";
				VALIDATE_PRODUCT = YES;
			};
			name = Release;
		};
		F6FD74C624948AF8007E8B4A /* Debug */ = {
			isa = XCBuildConfiguration;
			buildSettings = {
				ASSETCATALOG_COMPILER_APPICON_NAME = AppIcon;
				CODE_SIGN_STYLE = Automatic;
				INFOPLIST_FILE = "Buttons Demo/Info.plist";
				LD_RUNPATH_SEARCH_PATHS = (
					"$(inherited)",
					"@executable_path/Frameworks",
				);
				PRODUCT_BUNDLE_IDENTIFIER = "alep.Buttons-Demo";
				PRODUCT_NAME = "$(TARGET_NAME)";
				SWIFT_VERSION = 5.0;
				TARGETED_DEVICE_FAMILY = "1,2";
			};
			name = Debug;
		};
		F6FD74C724948AF8007E8B4A /* Release */ = {
			isa = XCBuildConfiguration;
			buildSettings = {
				ASSETCATALOG_COMPILER_APPICON_NAME = AppIcon;
				CODE_SIGN_STYLE = Automatic;
				INFOPLIST_FILE = "Buttons Demo/Info.plist";
				LD_RUNPATH_SEARCH_PATHS = (
					"$(inherited)",
					"@executable_path/Frameworks",
				);
				PRODUCT_BUNDLE_IDENTIFIER = "alep.Buttons-Demo";
				PRODUCT_NAME = "$(TARGET_NAME)";
				SWIFT_VERSION = 5.0;
				TARGETED_DEVICE_FAMILY = "1,2";
			};
			name = Release;
		};
/* End XCBuildConfiguration section */

/* Begin XCConfigurationList section */
		F6FD74AC24948AF6007E8B4A /* Build configuration list for PBXProject "Buttons Demo" */ = {
			isa = XCConfigurationList;
			buildConfigurations = (
				F6FD74C324948AF8007E8B4A /* Debug */,
				F6FD74C424948AF8007E8B4A /* Release */,
			);
			defaultConfigurationIsVisible = 0;
			defaultConfigurationName = Release;
		};
		F6FD74C524948AF8007E8B4A /* Build configuration list for PBXNativeTarget "Buttons Demo" */ = {
			isa = XCConfigurationList;
			buildConfigurations = (
				F6FD74C624948AF8007E8B4A /* Debug */,
				F6FD74C724948AF8007E8B4A /* Release */,
			);
			defaultConfigurationIsVisible = 0;
			defaultConfigurationName = Release;
		};
/* End XCConfigurationList section */
	};
	rootObject = F6FD74A924948AF6007E8B4A /* Project object */;
}
